
Microsoft Visual Studio Solution File, Format Version 12.00
# Visual Studio Version 16
VisualStudioVersion = 16.0.30413.136
MinimumVisualStudioVersion = 10.0.40219.1
Project("{FAE04EC0-301F-11D3-BF4B-00C04F79EFBC}") = "mappe3", "mappe3\mappe3.csproj", "{4F5E04AB-BA53-4CB7-8478-5879176CAEC8}"
EndProject
Global
	GlobalSection(SolutionConfigurationPlatforms) = preSolution
		Debug|Any CPU = Debug|Any CPU
		Release|Any CPU = Release|Any CPU
	EndGlobalSection
	GlobalSection(ProjectConfigurationPlatforms) = postSolution
		{4F5E04AB-BA53-4CB7-8478-5879176CAEC8}.Debug|Any CPU.ActiveCfg = Debug|Any CPU
		{4F5E04AB-BA53-4CB7-8478-5879176CAEC8}.Debug|Any CPU.Build.0 = Debug|Any CPU
		{4F5E04AB-BA53-4CB7-8478-5879176CAEC8}.Release|Any CPU.ActiveCfg = Release|Any CPU
		{4F5E04AB-BA53-4CB7-8478-5879176CAEC8}.Release|Any CPU.Build.0 = Release|Any CPU
	EndGlobalSection
	GlobalSection(SolutionProperties) = preSolution
		HideSolutionNode = FALSE
	EndGlobalSection
	GlobalSection(ExtensibilityGlobals) = postSolution
		SolutionGuid = {A87556C7-E926-4FE6-86CD-D062AEAF6D4F}
	EndGlobalSection
EndGlobal
